
Microsoft Visual Studio Solution File, Format Version 12.00
# Visual Studio 15
VisualStudioVersion = 15.0.26430.12
MinimumVisualStudioVersion = 10.0.40219.1
Project("{2150E333-8FDC-42A3-9474-1A3956D46DE8}") = "src", "src", "{6F2DE9E6-30CB-4A00-BCC2-A77F24303702}"
EndProject
Project("{2150E333-8FDC-42A3-9474-1A3956D46DE8}") = "tests", "tests", "{7CEC1CD1-2D4B-47B2-BFA2-63D6D1F6E110}"
EndProject
Project("{2150E333-8FDC-42A3-9474-1A3956D46DE8}") = "samples", "samples", "{F921A8A0-C1EE-4CCE-8FF5-983ABDEE7DFA}"
EndProject
Project("{2150E333-8FDC-42A3-9474-1A3956D46DE8}") = "scripts", "scripts", "{67F50FE3-1E2E-41BC-A644-1BD21A70FC12}"
	ProjectSection(SolutionItems) = preProject
		scripts\add-migration.cmd = scripts\add-migration.cmd
		scripts\remove-migration.cmd = scripts\remove-migration.cmd
	EndProjectSection
EndProject
Project("{FAE04EC0-301F-11D3-BF4B-00C04F79EFBC}") = "Domion.Core", "src\Domion.Core\Domion.Core.csproj", "{2377E3AF-38F4-4A91-BD1E-E9688F0147E8}"
EndProject
Project("{FAE04EC0-301F-11D3-BF4B-00C04F79EFBC}") = "Domion.Lib", "src\Domion.Lib\Domion.Lib.csproj", "{F0B54DD6-9E32-4413-ACEC-9428DD155B54}"
EndProject
Project("{FAE04EC0-301F-11D3-BF4B-00C04F79EFBC}") = "DFlow.CLI", "samples\DFlow.CLI\DFlow.CLI.csproj", "{822285CB-85D1-438E-92F1-1F4556002E56}"
EndProject
Project("{FAE04EC0-301F-11D3-BF4B-00C04F79EFBC}") = "DFlow.Budget.Core", "samples\DFlow.Budget.Core\DFlow.Budget.Core.csproj", "{AEF1950F-EAEF-41BA-9A52-BCACDFE3189E}"
EndProject
Project("{FAE04EC0-301F-11D3-BF4B-00C04F79EFBC}") = "DFlow.Budget.Lib", "samples\DFlow.Budget.Lib\DFlow.Budget.Lib.csproj", "{4F750C51-2F79-401D-80C2-49075A28EA6F}"
EndProject
Project("{FAE04EC0-301F-11D3-BF4B-00C04F79EFBC}") = "DFlow.Transactions.Lib", "samples\DFlow.Transactions.Lib\DFlow.Transactions.Lib.csproj", "{242859A7-A450-4D22-9A54-6F4B6F429561}"
EndProject
Project("{FAE04EC0-301F-11D3-BF4B-00C04F79EFBC}") = "DFlow.Transactions.Core", "samples\DFlow.Transactions.Core\DFlow.Transactions.Core.csproj", "{1E7DF814-4C0E-4157-B023-F60E44B79881}"
EndProject
Project("{FAE04EC0-301F-11D3-BF4B-00C04F79EFBC}") = "DFlow.Budget.Lib.Tests", "tests\DFlow.Budget.Lib.Tests\DFlow.Budget.Lib.Tests.csproj", "{A861C0E0-F6E6-4476-8BCE-CDF5164EDDB4}"
EndProject
Project("{FAE04EC0-301F-11D3-BF4B-00C04F79EFBC}") = "DFlow.Transactions.Lib.Tests", "tests\DFlow.Transactions.Lib.Tests\DFlow.Transactions.Lib.Tests.csproj", "{3F61D2D6-B5E6-4BA7-ACF0-37D2D331CC57}"
EndProject
Project("{2150E333-8FDC-42A3-9474-1A3956D46DE8}") = "Solution Items", "Solution Items", "{C6F9B1E3-9869-4FBC-8759-097743B99D37}"
	ProjectSection(SolutionItems) = preProject
		.editorconfig = .editorconfig
	EndProjectSection
EndProject
Global
	GlobalSection(SolutionConfigurationPlatforms) = preSolution
		Debug|Any CPU = Debug|Any CPU
		Release|Any CPU = Release|Any CPU
	EndGlobalSection
	GlobalSection(ProjectConfigurationPlatforms) = postSolution
		{2377E3AF-38F4-4A91-BD1E-E9688F0147E8}.Debug|Any CPU.ActiveCfg = Debug|Any CPU
		{2377E3AF-38F4-4A91-BD1E-E9688F0147E8}.Debug|Any CPU.Build.0 = Debug|Any CPU
		{2377E3AF-38F4-4A91-BD1E-E9688F0147E8}.Release|Any CPU.ActiveCfg = Release|Any CPU
		{2377E3AF-38F4-4A91-BD1E-E9688F0147E8}.Release|Any CPU.Build.0 = Release|Any CPU
		{F0B54DD6-9E32-4413-ACEC-9428DD155B54}.Debug|Any CPU.ActiveCfg = Debug|Any CPU
		{F0B54DD6-9E32-4413-ACEC-9428DD155B54}.Debug|Any CPU.Build.0 = Debug|Any CPU
		{F0B54DD6-9E32-4413-ACEC-9428DD155B54}.Release|Any CPU.ActiveCfg = Release|Any CPU
		{F0B54DD6-9E32-4413-ACEC-9428DD155B54}.Release|Any CPU.Build.0 = Release|Any CPU
		{822285CB-85D1-438E-92F1-1F4556002E56}.Debug|Any CPU.ActiveCfg = Debug|Any CPU
		{822285CB-85D1-438E-92F1-1F4556002E56}.Debug|Any CPU.Build.0 = Debug|Any CPU
		{822285CB-85D1-438E-92F1-1F4556002E56}.Release|Any CPU.ActiveCfg = Release|Any CPU
		{822285CB-85D1-438E-92F1-1F4556002E56}.Release|Any CPU.Build.0 = Release|Any CPU
		{AEF1950F-EAEF-41BA-9A52-BCACDFE3189E}.Debug|Any CPU.ActiveCfg = Debug|Any CPU
		{AEF1950F-EAEF-41BA-9A52-BCACDFE3189E}.Debug|Any CPU.Build.0 = Debug|Any CPU
		{AEF1950F-EAEF-41BA-9A52-BCACDFE3189E}.Release|Any CPU.ActiveCfg = Release|Any CPU
		{AEF1950F-EAEF-41BA-9A52-BCACDFE3189E}.Release|Any CPU.Build.0 = Release|Any CPU
		{4F750C51-2F79-401D-80C2-49075A28EA6F}.Debug|Any CPU.ActiveCfg = Debug|Any CPU
		{4F750C51-2F79-401D-80C2-49075A28EA6F}.Debug|Any CPU.Build.0 = Debug|Any CPU
		{4F750C51-2F79-401D-80C2-49075A28EA6F}.Release|Any CPU.ActiveCfg = Release|Any CPU
		{4F750C51-2F79-401D-80C2-49075A28EA6F}.Release|Any CPU.Build.0 = Release|Any CPU
		{242859A7-A450-4D22-9A54-6F4B6F429561}.Debug|Any CPU.ActiveCfg = Debug|Any CPU
		{242859A7-A450-4D22-9A54-6F4B6F429561}.Debug|Any CPU.Build.0 = Debug|Any CPU
		{242859A7-A450-4D22-9A54-6F4B6F429561}.Release|Any CPU.ActiveCfg = Release|Any CPU
		{242859A7-A450-4D22-9A54-6F4B6F429561}.Release|Any CPU.Build.0 = Release|Any CPU
		{1E7DF814-4C0E-4157-B023-F60E44B79881}.Debug|Any CPU.ActiveCfg = Debug|Any CPU
		{1E7DF814-4C0E-4157-B023-F60E44B79881}.Debug|Any CPU.Build.0 = Debug|Any CPU
		{1E7DF814-4C0E-4157-B023-F60E44B79881}.Release|Any CPU.ActiveCfg = Release|Any CPU
		{1E7DF814-4C0E-4157-B023-F60E44B79881}.Release|Any CPU.Build.0 = Release|Any CPU
		{A861C0E0-F6E6-4476-8BCE-CDF5164EDDB4}.Debug|Any CPU.ActiveCfg = Debug|Any CPU
		{A861C0E0-F6E6-4476-8BCE-CDF5164EDDB4}.Debug|Any CPU.Build.0 = Debug|Any CPU
		{A861C0E0-F6E6-4476-8BCE-CDF5164EDDB4}.Release|Any CPU.ActiveCfg = Release|Any CPU
		{A861C0E0-F6E6-4476-8BCE-CDF5164EDDB4}.Release|Any CPU.Build.0 = Release|Any CPU
		{3F61D2D6-B5E6-4BA7-ACF0-37D2D331CC57}.Debug|Any CPU.ActiveCfg = Debug|Any CPU
		{3F61D2D6-B5E6-4BA7-ACF0-37D2D331CC57}.Debug|Any CPU.Build.0 = Debug|Any CPU
		{3F61D2D6-B5E6-4BA7-ACF0-37D2D331CC57}.Release|Any CPU.ActiveCfg = Release|Any CPU
		{3F61D2D6-B5E6-4BA7-ACF0-37D2D331CC57}.Release|Any CPU.Build.0 = Release|Any CPU
	EndGlobalSection
	GlobalSection(SolutionProperties) = preSolution
		HideSolutionNode = FALSE
	EndGlobalSection
	GlobalSection(NestedProjects) = preSolution
		{2377E3AF-38F4-4A91-BD1E-E9688F0147E8} = {6F2DE9E6-30CB-4A00-BCC2-A77F24303702}
		{F0B54DD6-9E32-4413-ACEC-9428DD155B54} = {6F2DE9E6-30CB-4A00-BCC2-A77F24303702}
		{822285CB-85D1-438E-92F1-1F4556002E56} = {F921A8A0-C1EE-4CCE-8FF5-983ABDEE7DFA}
		{AEF1950F-EAEF-41BA-9A52-BCACDFE3189E} = {F921A8A0-C1EE-4CCE-8FF5-983ABDEE7DFA}
		{4F750C51-2F79-401D-80C2-49075A28EA6F} = {F921A8A0-C1EE-4CCE-8FF5-983ABDEE7DFA}
		{242859A7-A450-4D22-9A54-6F4B6F429561} = {F921A8A0-C1EE-4CCE-8FF5-983ABDEE7DFA}
		{1E7DF814-4C0E-4157-B023-F60E44B79881} = {F921A8A0-C1EE-4CCE-8FF5-983ABDEE7DFA}
		{A861C0E0-F6E6-4476-8BCE-CDF5164EDDB4} = {7CEC1CD1-2D4B-47B2-BFA2-63D6D1F6E110}
		{3F61D2D6-B5E6-4BA7-ACF0-37D2D331CC57} = {7CEC1CD1-2D4B-47B2-BFA2-63D6D1F6E110}
	EndGlobalSection
EndGlobal
